
Microsoft Visual Studio Solution File, Format Version 12.00
# Visual Studio Version 16
VisualStudioVersion = 16.0.30611.23
MinimumVisualStudioVersion = 10.0.40219.1
Project("{FAE04EC0-301F-11D3-BF4B-00C04F79EFBC}") = "Laborator5-MTP", "Laborator5-MTP.csproj", "{AB596943-5F7D-4E7B-9FCA-8EAB92AFEB04}"
EndProject
Global
	GlobalSection(SolutionConfigurationPlatforms) = preSolution
		Debug|Any CPU = Debug|Any CPU
		Release|Any CPU = Release|Any CPU
	EndGlobalSection
	GlobalSection(ProjectConfigurationPlatforms) = postSolution
		{AB596943-5F7D-4E7B-9FCA-8EAB92AFEB04}.Debug|Any CPU.ActiveCfg = Debug|Any CPU
		{AB596943-5F7D-4E7B-9FCA-8EAB92AFEB04}.Debug|Any CPU.Build.0 = Debug|Any CPU
		{AB596943-5F7D-4E7B-9FCA-8EAB92AFEB04}.Release|Any CPU.ActiveCfg = Release|Any CPU
		{AB596943-5F7D-4E7B-9FCA-8EAB92AFEB04}.Release|Any CPU.Build.0 = Release|Any CPU
	EndGlobalSection
	GlobalSection(SolutionProperties) = preSolution
		HideSolutionNode = FALSE
	EndGlobalSection
	GlobalSection(ExtensibilityGlobals) = postSolution
		SolutionGuid = {46FCF471-8FC9-4F76-B9E9-935293321694}
	EndGlobalSection
EndGlobal
