
Microsoft Visual Studio Solution File, Format Version 12.00
# Visual Studio Version 16
VisualStudioVersion = 16.0.29905.134
MinimumVisualStudioVersion = 10.0.40219.1
Project("{FAE04EC0-301F-11D3-BF4B-00C04F79EFBC}") = "MTP-Lab1-Popescu", "MTP-Lab1-Popescu.csproj", "{2AEB2805-6A4E-4C97-BFAB-7F399F0FDD57}"
EndProject
Global
	GlobalSection(SolutionConfigurationPlatforms) = preSolution
		Debug|Any CPU = Debug|Any CPU
		Release|Any CPU = Release|Any CPU
	EndGlobalSection
	GlobalSection(ProjectConfigurationPlatforms) = postSolution
		{2AEB2805-6A4E-4C97-BFAB-7F399F0FDD57}.Debug|Any CPU.ActiveCfg = Debug|Any CPU
		{2AEB2805-6A4E-4C97-BFAB-7F399F0FDD57}.Debug|Any CPU.Build.0 = Debug|Any CPU
		{2AEB2805-6A4E-4C97-BFAB-7F399F0FDD57}.Release|Any CPU.ActiveCfg = Release|Any CPU
		{2AEB2805-6A4E-4C97-BFAB-7F399F0FDD57}.Release|Any CPU.Build.0 = Release|Any CPU
	EndGlobalSection
	GlobalSection(SolutionProperties) = preSolution
		HideSolutionNode = FALSE
	EndGlobalSection
	GlobalSection(ExtensibilityGlobals) = postSolution
		SolutionGuid = {580D505E-5EBB-448E-94BC-77995958B507}
	EndGlobalSection
EndGlobal
