
Microsoft Visual Studio Solution File, Format Version 12.00
# Visual Studio Version 16
VisualStudioVersion = 16.0.30611.23
MinimumVisualStudioVersion = 10.0.40219.1
Project("{FAE04EC0-301F-11D3-BF4B-00C04F79EFBC}") = "Adapost", "Adapost.csproj", "{7A0A209C-04D7-4F74-AD7A-9FDC4B3C54B1}"
EndProject
Global
	GlobalSection(SolutionConfigurationPlatforms) = preSolution
		Debug|Any CPU = Debug|Any CPU
		Release|Any CPU = Release|Any CPU
	EndGlobalSection
	GlobalSection(ProjectConfigurationPlatforms) = postSolution
		{7A0A209C-04D7-4F74-AD7A-9FDC4B3C54B1}.Debug|Any CPU.ActiveCfg = Debug|Any CPU
		{7A0A209C-04D7-4F74-AD7A-9FDC4B3C54B1}.Debug|Any CPU.Build.0 = Debug|Any CPU
		{7A0A209C-04D7-4F74-AD7A-9FDC4B3C54B1}.Release|Any CPU.ActiveCfg = Release|Any CPU
		{7A0A209C-04D7-4F74-AD7A-9FDC4B3C54B1}.Release|Any CPU.Build.0 = Release|Any CPU
	EndGlobalSection
	GlobalSection(SolutionProperties) = preSolution
		HideSolutionNode = FALSE
	EndGlobalSection
	GlobalSection(ExtensibilityGlobals) = postSolution
		SolutionGuid = {9767492F-4E32-41AA-AEF2-FFDA1D91DC55}
	EndGlobalSection
EndGlobal
